
Microsoft Visual Studio Solution File, Format Version 12.00
# Visual Studio Version 17
VisualStudioVersion = 17.0.32014.148
MinimumVisualStudioVersion = 10.0.40219.1
Project("{FAE04EC0-301F-11D3-BF4B-00C04F79EFBC}") = "LingCore", "LingCore\LingCore.csproj", "{8B6DD798-B17B-443A-81D7-597B123BCB43}"
EndProject
Global
	GlobalSection(SolutionConfigurationPlatforms) = preSolution
		Debug|Any CPU = Debug|Any CPU
		Release|Any CPU = Release|Any CPU
	EndGlobalSection
	GlobalSection(ProjectConfigurationPlatforms) = postSolution
		{8B6DD798-B17B-443A-81D7-597B123BCB43}.Debug|Any CPU.ActiveCfg = Debug|Any CPU
		{8B6DD798-B17B-443A-81D7-597B123BCB43}.Debug|Any CPU.Build.0 = Debug|Any CPU
		{8B6DD798-B17B-443A-81D7-597B123BCB43}.Release|Any CPU.ActiveCfg = Release|Any CPU
		{8B6DD798-B17B-443A-81D7-597B123BCB43}.Release|Any CPU.Build.0 = Release|Any CPU
	EndGlobalSection
	GlobalSection(SolutionProperties) = preSolution
		HideSolutionNode = FALSE
	EndGlobalSection
	GlobalSection(ExtensibilityGlobals) = postSolution
		SolutionGuid = {52B29BBB-2317-49D6-B8F8-28F4CD969C50}
	EndGlobalSection
EndGlobal
